
Microsoft Visual Studio Solution File, Format Version 12.00
# Visual Studio Version 16
VisualStudioVersion = 16.0.30523.141
MinimumVisualStudioVersion = 10.0.40219.1
Project("{FAE04EC0-301F-11D3-BF4B-00C04F79EFBC}") = "Supertext.TermbaseXmlReader", "Supertext.TermbaseXxmlReader\Supertext.TermbaseXmlReader.csproj", "{8C9AD937-65D0-49E9-9A80-2ADE3D4EC31E}"
EndProject
Global
	GlobalSection(SolutionConfigurationPlatforms) = preSolution
		Debug|Any CPU = Debug|Any CPU
		Release|Any CPU = Release|Any CPU
	EndGlobalSection
	GlobalSection(ProjectConfigurationPlatforms) = postSolution
		{8C9AD937-65D0-49E9-9A80-2ADE3D4EC31E}.Debug|Any CPU.ActiveCfg = Debug|Any CPU
		{8C9AD937-65D0-49E9-9A80-2ADE3D4EC31E}.Debug|Any CPU.Build.0 = Debug|Any CPU
		{8C9AD937-65D0-49E9-9A80-2ADE3D4EC31E}.Release|Any CPU.ActiveCfg = Release|Any CPU
		{8C9AD937-65D0-49E9-9A80-2ADE3D4EC31E}.Release|Any CPU.Build.0 = Release|Any CPU
	EndGlobalSection
	GlobalSection(SolutionProperties) = preSolution
		HideSolutionNode = FALSE
	EndGlobalSection
	GlobalSection(ExtensibilityGlobals) = postSolution
		SolutionGuid = {47C171FF-990D-4400-BCAA-6E1FD5B6E131}
	EndGlobalSection
EndGlobal
